
Microsoft Visual Studio Solution File, Format Version 12.00
# Visual Studio Version 16
VisualStudioVersion = 16.0.30104.148
MinimumVisualStudioVersion = 10.0.40219.1
Project("{FAE04EC0-301F-11D3-BF4B-00C04F79EFBC}") = "Xray.APP.Interfaces", "Xray.APP.Interfaces\Xray.APP.Interfaces.csproj", "{FE7FBACF-00C6-4839-B3AC-1134960FE85E}"
EndProject
Project("{2150E333-8FDC-42A3-9474-1A3956D46DE8}") = "MusicPlatform", "MusicPlatform", "{FE4CA1BF-F6B7-49DD-AFC2-AA9D6C92FD18}"
EndProject
Project("{2150E333-8FDC-42A3-9474-1A3956D46DE8}") = "Interfaces", "Interfaces", "{95C977CF-F8B8-427E-A492-1B56DE6D7DB8}"
EndProject
Project("{2150E333-8FDC-42A3-9474-1A3956D46DE8}") = "Music163", "Music163", "{F9E92048-4341-44EE-B80C-370AAA074878}"
EndProject
Project("{2150E333-8FDC-42A3-9474-1A3956D46DE8}") = "Entitys", "Entitys", "{CEC63139-EDED-4B82-9F30-F8BB157367A1}"
EndProject
Project("{FAE04EC0-301F-11D3-BF4B-00C04F79EFBC}") = "Xray.APP.Impoter.Music163", "Xray.APP.Impoter.Music163\Xray.APP.Impoter.Music163.csproj", "{A5DFF161-6B8C-4B43-9145-8293FAD434F2}"
EndProject
Project("{FAE04EC0-301F-11D3-BF4B-00C04F79EFBC}") = "Xray.APP.Entitys", "Xray.APP.Entitys\Xray.APP.Entitys.csproj", "{54F91E70-150D-438B-ADC1-5FBB212DA9D3}"
EndProject
Global
	GlobalSection(SolutionConfigurationPlatforms) = preSolution
		Debug|Any CPU = Debug|Any CPU
		Release|Any CPU = Release|Any CPU
	EndGlobalSection
	GlobalSection(ProjectConfigurationPlatforms) = postSolution
		{FE7FBACF-00C6-4839-B3AC-1134960FE85E}.Debug|Any CPU.ActiveCfg = Debug|Any CPU
		{FE7FBACF-00C6-4839-B3AC-1134960FE85E}.Debug|Any CPU.Build.0 = Debug|Any CPU
		{FE7FBACF-00C6-4839-B3AC-1134960FE85E}.Release|Any CPU.ActiveCfg = Release|Any CPU
		{FE7FBACF-00C6-4839-B3AC-1134960FE85E}.Release|Any CPU.Build.0 = Release|Any CPU
		{A5DFF161-6B8C-4B43-9145-8293FAD434F2}.Debug|Any CPU.ActiveCfg = Debug|Any CPU
		{A5DFF161-6B8C-4B43-9145-8293FAD434F2}.Debug|Any CPU.Build.0 = Debug|Any CPU
		{A5DFF161-6B8C-4B43-9145-8293FAD434F2}.Release|Any CPU.ActiveCfg = Release|Any CPU
		{A5DFF161-6B8C-4B43-9145-8293FAD434F2}.Release|Any CPU.Build.0 = Release|Any CPU
		{54F91E70-150D-438B-ADC1-5FBB212DA9D3}.Debug|Any CPU.ActiveCfg = Debug|Any CPU
		{54F91E70-150D-438B-ADC1-5FBB212DA9D3}.Debug|Any CPU.Build.0 = Debug|Any CPU
		{54F91E70-150D-438B-ADC1-5FBB212DA9D3}.Release|Any CPU.ActiveCfg = Release|Any CPU
		{54F91E70-150D-438B-ADC1-5FBB212DA9D3}.Release|Any CPU.Build.0 = Release|Any CPU
	EndGlobalSection
	GlobalSection(SolutionProperties) = preSolution
		HideSolutionNode = FALSE
	EndGlobalSection
	GlobalSection(NestedProjects) = preSolution
		{FE7FBACF-00C6-4839-B3AC-1134960FE85E} = {95C977CF-F8B8-427E-A492-1B56DE6D7DB8}
		{F9E92048-4341-44EE-B80C-370AAA074878} = {FE4CA1BF-F6B7-49DD-AFC2-AA9D6C92FD18}
		{A5DFF161-6B8C-4B43-9145-8293FAD434F2} = {F9E92048-4341-44EE-B80C-370AAA074878}
		{54F91E70-150D-438B-ADC1-5FBB212DA9D3} = {CEC63139-EDED-4B82-9F30-F8BB157367A1}
	EndGlobalSection
	GlobalSection(ExtensibilityGlobals) = postSolution
		SolutionGuid = {6478FCF6-86ED-4B91-A120-B377BB4CBB9D}
	EndGlobalSection
EndGlobal
